// !$*UTF8*$!
{
	archiveVersion = 1;
	classes = {
	};
	objectVersion = 55;
	objects = {

/* Begin PBXBuildFile section */
		5D450FD4275868CC00D8ED8B /* AppDelegate.m in Sources */ = {isa = PBXBuildFile; fileRef = 5D450FD3275868CC00D8ED8B /* AppDelegate.m */; };
		5D450FD7275868CC00D8ED8B /* SceneDelegate.m in Sources */ = {isa = PBXBuildFile; fileRef = 5D450FD6275868CC00D8ED8B /* SceneDelegate.m */; };
		5D450FDA275868CC00D8ED8B /* QuestionListVC.m in Sources */ = {isa = PBXBuildFile; fileRef = 5D450FD9275868CC00D8ED8B /* QuestionListVC.m */; };
		5D450FDD275868CC00D8ED8B /* Main.storyboard in Resources */ = {isa = PBXBuildFile; fileRef = 5D450FDB275868CC00D8ED8B /* Main.storyboard */; };
		5D450FDF275868CC00D8ED8B /* Assets.xcassets in Resources */ = {isa = PBXBuildFile; fileRef = 5D450FDE275868CC00D8ED8B /* Assets.xcassets */; };
		5D450FE5275868CC00D8ED8B /* main.m in Sources */ = {isa = PBXBuildFile; fileRef = 5D450FE4275868CC00D8ED8B /* main.m */; };
		5D450FEF275868CD00D8ED8B /* Test_yjlingTests.m in Sources */ = {isa = PBXBuildFile; fileRef = 5D450FEE275868CD00D8ED8B /* Test_yjlingTests.m */; };
		5D450FF9275868CD00D8ED8B /* Test_yjlingUITests.m in Sources */ = {isa = PBXBuildFile; fileRef = 5D450FF8275868CD00D8ED8B /* Test_yjlingUITests.m */; };
		5D450FFB275868CD00D8ED8B /* Test_yjlingUITestsLaunchTests.m in Sources */ = {isa = PBXBuildFile; fileRef = 5D450FFA275868CD00D8ED8B /* Test_yjlingUITestsLaunchTests.m */; };
		5D451009275870D700D8ED8B /* QuestionDetailVC.m in Sources */ = {isa = PBXBuildFile; fileRef = 5D451008275870D700D8ED8B /* QuestionDetailVC.m */; };
		5D45100B275870F900D8ED8B /* Questions.plist in Resources */ = {isa = PBXBuildFile; fileRef = 5D45100A275870F900D8ED8B /* Questions.plist */; };
		5D4510102758739E00D8ED8B /* Macros.h in Sources */ = {isa = PBXBuildFile; fileRef = 5D45100F2758739E00D8ED8B /* Macros.h */; };
		5D451013275874E900D8ED8B /* UIColor+VVHelp.m in Sources */ = {isa = PBXBuildFile; fileRef = 5D451011275874E900D8ED8B /* UIColor+VVHelp.m */; };
		5D4510182758770D00D8ED8B /* QuestionListCell.m in Sources */ = {isa = PBXBuildFile; fileRef = 5D4510172758770D00D8ED8B /* QuestionListCell.m */; };
		5D45101C275878CC00D8ED8B /* QuestionModel.m in Sources */ = {isa = PBXBuildFile; fileRef = 5D45101B275878CC00D8ED8B /* QuestionModel.m */; };
		5D45102027587AB600D8ED8B /* NSArray+DataProtect.m in Sources */ = {isa = PBXBuildFile; fileRef = 5D45101F27587AB600D8ED8B /* NSArray+DataProtect.m */; };
		5D45102427588B5C00D8ED8B /* NavigationController.m in Sources */ = {isa = PBXBuildFile; fileRef = 5D45102327588B5C00D8ED8B /* NavigationController.m */; };
		5D4510292758947500D8ED8B /* NSDictionary+DataProtect.m in Sources */ = {isa = PBXBuildFile; fileRef = 5D4510272758947500D8ED8B /* NSDictionary+DataProtect.m */; };
		FE3914C5AC23DE2642C30E0A /* libPods-Test-yjling.a in Frameworks */ = {isa = PBXBuildFile; fileRef = A0119770403293091A06AEFA /* libPods-Test-yjling.a */; };
/* End PBXBuildFile section */

/* Begin PBXContainerItemProxy section */
		5D450FEB275868CD00D8ED8B /* PBXContainerItemProxy */ = {
			isa = PBXContainerItemProxy;
			containerPortal = 5D450FC7275868CC00D8ED8B /* Project object */;
			proxyType = 1;
			remoteGlobalIDString = 5D450FCE275868CC00D8ED8B;
			remoteInfo = "Test-yjling";
		};
		5D450FF5275868CD00D8ED8B /* PBXContainerItemProxy */ = {
			isa = PBXContainerItemProxy;
			containerPortal = 5D450FC7275868CC00D8ED8B /* Project object */;
			proxyType = 1;
			remoteGlobalIDString = 5D450FCE275868CC00D8ED8B;
			remoteInfo = "Test-yjling";
		};
/* End PBXContainerItemProxy section */

/* Begin PBXFileReference section */
		21A520528EFD445280A59ED5 /* Pods-Test-yjling.release.xcconfig */ = {isa = PBXFileReference; includeInIndex = 1; lastKnownFileType = text.xcconfig; name = "Pods-Test-yjling.release.xcconfig"; path = "Target Support Files/Pods-Test-yjling/Pods-Test-yjling.release.xcconfig"; sourceTree = "<group>"; };
		589617290DC56FD5D151ABA6 /* Pods-Test-yjling.debug.xcconfig */ = {isa = PBXFileReference; includeInIndex = 1; lastKnownFileType = text.xcconfig; name = "Pods-Test-yjling.debug.xcconfig"; path = "Target Support Files/Pods-Test-yjling/Pods-Test-yjling.debug.xcconfig"; sourceTree = "<group>"; };
		5D450FCF275868CC00D8ED8B /* Test-yjling.app */ = {isa = PBXFileReference; explicitFileType = wrapper.application; includeInIndex = 0; path = "Test-yjling.app"; sourceTree = BUILT_PRODUCTS_DIR; };
		5D450FD2275868CC00D8ED8B /* AppDelegate.h */ = {isa = PBXFileReference; lastKnownFileType = sourcecode.c.h; path = AppDelegate.h; sourceTree = "<group>"; };
		5D450FD3275868CC00D8ED8B /* AppDelegate.m */ = {isa = PBXFileReference; lastKnownFileType = sourcecode.c.objc; path = AppDelegate.m; sourceTree = "<group>"; };
		5D450FD5275868CC00D8ED8B /* SceneDelegate.h */ = {isa = PBXFileReference; lastKnownFileType = sourcecode.c.h; path = SceneDelegate.h; sourceTree = "<group>"; };
		5D450FD6275868CC00D8ED8B /* SceneDelegate.m */ = {isa = PBXFileReference; lastKnownFileType = sourcecode.c.objc; path = SceneDelegate.m; sourceTree = "<group>"; };
		5D450FD8275868CC00D8ED8B /* QuestionListVC.h */ = {isa = PBXFileReference; lastKnownFileType = sourcecode.c.h; path = QuestionListVC.h; sourceTree = "<group>"; };
		5D450FD9275868CC00D8ED8B /* QuestionListVC.m */ = {isa = PBXFileReference; lastKnownFileType = sourcecode.c.objc; path = QuestionListVC.m; sourceTree = "<group>"; };
		5D450FDC275868CC00D8ED8B /* Base */ = {isa = PBXFileReference; lastKnownFileType = file.storyboard; name = Base; path = Base.lproj/Main.storyboard; sourceTree = "<group>"; };
		5D450FDE275868CC00D8ED8B /* Assets.xcassets */ = {isa = PBXFileReference; lastKnownFileType = folder.assetcatalog; path = Assets.xcassets; sourceTree = "<group>"; };
		5D450FE3275868CC00D8ED8B /* Info.plist */ = {isa = PBXFileReference; lastKnownFileType = text.plist.xml; path = Info.plist; sourceTree = "<group>"; };
		5D450FE4275868CC00D8ED8B /* main.m */ = {isa = PBXFileReference; lastKnownFileType = sourcecode.c.objc; path = main.m; sourceTree = "<group>"; };
		5D450FEA275868CD00D8ED8B /* Test-yjlingTests.xctest */ = {isa = PBXFileReference; explicitFileType = wrapper.cfbundle; includeInIndex = 0; path = "Test-yjlingTests.xctest"; sourceTree = BUILT_PRODUCTS_DIR; };
		5D450FEE275868CD00D8ED8B /* Test_yjlingTests.m */ = {isa = PBXFileReference; lastKnownFileType = sourcecode.c.objc; path = Test_yjlingTests.m; sourceTree = "<group>"; };
		5D450FF4275868CD00D8ED8B /* Test-yjlingUITests.xctest */ = {isa = PBXFileReference; explicitFileType = wrapper.cfbundle; includeInIndex = 0; path = "Test-yjlingUITests.xctest"; sourceTree = BUILT_PRODUCTS_DIR; };
		5D450FF8275868CD00D8ED8B /* Test_yjlingUITests.m */ = {isa = PBXFileReference; lastKnownFileType = sourcecode.c.objc; path = Test_yjlingUITests.m; sourceTree = "<group>"; };
		5D450FFA275868CD00D8ED8B /* Test_yjlingUITestsLaunchTests.m */ = {isa = PBXFileReference; lastKnownFileType = sourcecode.c.objc; path = Test_yjlingUITestsLaunchTests.m; sourceTree = "<group>"; };
		5D451007275870D700D8ED8B /* QuestionDetailVC.h */ = {isa = PBXFileReference; lastKnownFileType = sourcecode.c.h; path = QuestionDetailVC.h; sourceTree = "<group>"; };
		5D451008275870D700D8ED8B /* QuestionDetailVC.m */ = {isa = PBXFileReference; lastKnownFileType = sourcecode.c.objc; path = QuestionDetailVC.m; sourceTree = "<group>"; };
		5D45100A275870F900D8ED8B /* Questions.plist */ = {isa = PBXFileReference; lastKnownFileType = text.plist.xml; path = Questions.plist; sourceTree = "<group>"; };
		5D45100C2758723100D8ED8B /* ViewControllerProtocol.h */ = {isa = PBXFileReference; lastKnownFileType = sourcecode.c.h; path = ViewControllerProtocol.h; sourceTree = "<group>"; };
		5D45100F2758739E00D8ED8B /* Macros.h */ = {isa = PBXFileReference; lastKnownFileType = sourcecode.c.h; path = Macros.h; sourceTree = "<group>"; };
		5D451011275874E900D8ED8B /* UIColor+VVHelp.m */ = {isa = PBXFileReference; fileEncoding = 4; lastKnownFileType = sourcecode.c.objc; path = "UIColor+VVHelp.m"; sourceTree = "<group>"; };
		5D451012275874E900D8ED8B /* UIColor+VVHelp.h */ = {isa = PBXFileReference; fileEncoding = 4; lastKnownFileType = sourcecode.c.h; path = "UIColor+VVHelp.h"; sourceTree = "<group>"; };
		5D4510162758770D00D8ED8B /* QuestionListCell.h */ = {isa = PBXFileReference; lastKnownFileType = sourcecode.c.h; path = QuestionListCell.h; sourceTree = "<group>"; };
		5D4510172758770D00D8ED8B /* QuestionListCell.m */ = {isa = PBXFileReference; lastKnownFileType = sourcecode.c.objc; path = QuestionListCell.m; sourceTree = "<group>"; };
		5D4510192758773600D8ED8B /* ViewProtocol.h */ = {isa = PBXFileReference; lastKnownFileType = sourcecode.c.h; path = ViewProtocol.h; sourceTree = "<group>"; };
		5D45101A275878CC00D8ED8B /* QuestionModel.h */ = {isa = PBXFileReference; lastKnownFileType = sourcecode.c.h; path = QuestionModel.h; sourceTree = "<group>"; };
		5D45101B275878CC00D8ED8B /* QuestionModel.m */ = {isa = PBXFileReference; lastKnownFileType = sourcecode.c.objc; path = QuestionModel.m; sourceTree = "<group>"; };
		5D45101E27587AB600D8ED8B /* NSArray+DataProtect.h */ = {isa = PBXFileReference; fileEncoding = 4; lastKnownFileType = sourcecode.c.h; path = "NSArray+DataProtect.h"; sourceTree = "<group>"; };
		5D45101F27587AB600D8ED8B /* NSArray+DataProtect.m */ = {isa = PBXFileReference; fileEncoding = 4; lastKnownFileType = sourcecode.c.objc; path = "NSArray+DataProtect.m"; sourceTree = "<group>"; };
		5D45102227588B5C00D8ED8B /* NavigationController.h */ = {isa = PBXFileReference; lastKnownFileType = sourcecode.c.h; path = NavigationController.h; sourceTree = "<group>"; };
		5D45102327588B5C00D8ED8B /* NavigationController.m */ = {isa = PBXFileReference; lastKnownFileType = sourcecode.c.objc; path = NavigationController.m; sourceTree = "<group>"; };
		5D4510272758947500D8ED8B /* NSDictionary+DataProtect.m */ = {isa = PBXFileReference; fileEncoding = 4; lastKnownFileType = sourcecode.c.objc; path = "NSDictionary+DataProtect.m"; sourceTree = "<group>"; };
		5D4510282758947500D8ED8B /* NSDictionary+DataProtect.h */ = {isa = PBXFileReference; fileEncoding = 4; lastKnownFileType = sourcecode.c.h; path = "NSDictionary+DataProtect.h"; sourceTree = "<group>"; };
		A0119770403293091A06AEFA /* libPods-Test-yjling.a */ = {isa = PBXFileReference; explicitFileType = archive.ar; includeInIndex = 0; path = "libPods-Test-yjling.a"; sourceTree = BUILT_PRODUCTS_DIR; };
/* End PBXFileReference section */

/* Begin PBXFrameworksBuildPhase section */
		5D450FCC275868CC00D8ED8B /* Frameworks */ = {
			isa = PBXFrameworksBuildPhase;
			buildActionMask = 2147483647;
			files = (
				FE3914C5AC23DE2642C30E0A /* libPods-Test-yjling.a in Frameworks */,
			);
			runOnlyForDeploymentPostprocessing = 0;
		};
		5D450FE7275868CD00D8ED8B /* Frameworks */ = {
			isa = PBXFrameworksBuildPhase;
			buildActionMask = 2147483647;
			files = (
			);
			runOnlyForDeploymentPostprocessing = 0;
		};
		5D450FF1275868CD00D8ED8B /* Frameworks */ = {
			isa = PBXFrameworksBuildPhase;
			buildActionMask = 2147483647;
			files = (
			);
			runOnlyForDeploymentPostprocessing = 0;
		};
/* End PBXFrameworksBuildPhase section */

/* Begin PBXGroup section */
		03DA352123166BBDD480789D /* Pods */ = {
			isa = PBXGroup;
			children = (
				589617290DC56FD5D151ABA6 /* Pods-Test-yjling.debug.xcconfig */,
				21A520528EFD445280A59ED5 /* Pods-Test-yjling.release.xcconfig */,
			);
			path = Pods;
			sourceTree = "<group>";
		};
		5D450FC6275868CC00D8ED8B = {
			isa = PBXGroup;
			children = (
				5D450FD1275868CC00D8ED8B /* Test-yjling */,
				5D450FED275868CD00D8ED8B /* Test-yjlingTests */,
				5D450FF7275868CD00D8ED8B /* Test-yjlingUITests */,
				5D450FD0275868CC00D8ED8B /* Products */,
				03DA352123166BBDD480789D /* Pods */,
				D91473511BB6C123DAD78F30 /* Frameworks */,
			);
			sourceTree = "<group>";
		};
		5D450FD0275868CC00D8ED8B /* Products */ = {
			isa = PBXGroup;
			children = (
				5D450FCF275868CC00D8ED8B /* Test-yjling.app */,
				5D450FEA275868CD00D8ED8B /* Test-yjlingTests.xctest */,
				5D450FF4275868CD00D8ED8B /* Test-yjlingUITests.xctest */,
			);
			name = Products;
			sourceTree = "<group>";
		};
		5D450FD1275868CC00D8ED8B /* Test-yjling */ = {
			isa = PBXGroup;
			children = (
				5D450FD2275868CC00D8ED8B /* AppDelegate.h */,
				5D450FD3275868CC00D8ED8B /* AppDelegate.m */,
				5D450FD5275868CC00D8ED8B /* SceneDelegate.h */,
				5D450FD6275868CC00D8ED8B /* SceneDelegate.m */,
				5D45100E2758737F00D8ED8B /* Base */,
				5D45100D2758723800D8ED8B /* BussnissCommon */,
				5D451026275893CC00D8ED8B /* Bussniss */,
				5D450FDB275868CC00D8ED8B /* Main.storyboard */,
				5D450FDE275868CC00D8ED8B /* Assets.xcassets */,
				5D450FE3275868CC00D8ED8B /* Info.plist */,
				5D450FE4275868CC00D8ED8B /* main.m */,
			);
			path = "Test-yjling";
			sourceTree = "<group>";
		};
		5D450FED275868CD00D8ED8B /* Test-yjlingTests */ = {
			isa = PBXGroup;
			children = (
				5D450FEE275868CD00D8ED8B /* Test_yjlingTests.m */,
			);
			path = "Test-yjlingTests";
			sourceTree = "<group>";
		};
		5D450FF7275868CD00D8ED8B /* Test-yjlingUITests */ = {
			isa = PBXGroup;
			children = (
				5D450FF8275868CD00D8ED8B /* Test_yjlingUITests.m */,
				5D450FFA275868CD00D8ED8B /* Test_yjlingUITestsLaunchTests.m */,
			);
			path = "Test-yjlingUITests";
			sourceTree = "<group>";
		};
		5D45100D2758723800D8ED8B /* BussnissCommon */ = {
			isa = PBXGroup;
			children = (
				5D45102127588B3B00D8ED8B /* Navigation */,
				5D45100C2758723100D8ED8B /* ViewControllerProtocol.h */,
				5D4510192758773600D8ED8B /* ViewProtocol.h */,
			);
			path = BussnissCommon;
			sourceTree = "<group>";
		};
		5D45100E2758737F00D8ED8B /* Base */ = {
			isa = PBXGroup;
			children = (
				5D45100F2758739E00D8ED8B /* Macros.h */,
				5D451012275874E900D8ED8B /* UIColor+VVHelp.h */,
				5D451011275874E900D8ED8B /* UIColor+VVHelp.m */,
				5D45101E27587AB600D8ED8B /* NSArray+DataProtect.h */,
				5D45101F27587AB600D8ED8B /* NSArray+DataProtect.m */,
				5D4510282758947500D8ED8B /* NSDictionary+DataProtect.h */,
				5D4510272758947500D8ED8B /* NSDictionary+DataProtect.m */,
			);
			path = Base;
			sourceTree = "<group>";
		};
		5D4510142758760400D8ED8B /* QuestionList */ = {
			isa = PBXGroup;
			children = (
				5D451025275893BF00D8ED8B /* Data */,
				5D450FD8275868CC00D8ED8B /* QuestionListVC.h */,
				5D450FD9275868CC00D8ED8B /* QuestionListVC.m */,
				5D4510162758770D00D8ED8B /* QuestionListCell.h */,
				5D4510172758770D00D8ED8B /* QuestionListCell.m */,
				5D45101A275878CC00D8ED8B /* QuestionModel.h */,
				5D45101B275878CC00D8ED8B /* QuestionModel.m */,
			);
			path = QuestionList;
			sourceTree = "<group>";
		};
		5D4510152758761200D8ED8B /* QuestionDetail */ = {
			isa = PBXGroup;
			children = (
				5D451007275870D700D8ED8B /* QuestionDetailVC.h */,
				5D451008275870D700D8ED8B /* QuestionDetailVC.m */,
			);
			path = QuestionDetail;
			sourceTree = "<group>";
		};
		5D45102127588B3B00D8ED8B /* Navigation */ = {
			isa = PBXGroup;
			children = (
				5D45102227588B5C00D8ED8B /* NavigationController.h */,
				5D45102327588B5C00D8ED8B /* NavigationController.m */,
			);
			path = Navigation;
			sourceTree = "<group>";
		};
		5D451025275893BF00D8ED8B /* Data */ = {
			isa = PBXGroup;
			children = (
				5D45100A275870F900D8ED8B /* Questions.plist */,
			);
			path = Data;
			sourceTree = "<group>";
		};
		5D451026275893CC00D8ED8B /* Bussniss */ = {
			isa = PBXGroup;
			children = (
				5D4510142758760400D8ED8B /* QuestionList */,
				5D4510152758761200D8ED8B /* QuestionDetail */,
			);
			path = Bussniss;
			sourceTree = "<group>";
		};
		D91473511BB6C123DAD78F30 /* Frameworks */ = {
			isa = PBXGroup;
			children = (
				A0119770403293091A06AEFA /* libPods-Test-yjling.a */,
			);
			name = Frameworks;
			sourceTree = "<group>";
		};
/* End PBXGroup section */

/* Begin PBXNativeTarget section */
		5D450FCE275868CC00D8ED8B /* Test-yjling */ = {
			isa = PBXNativeTarget;
			buildConfigurationList = 5D450FFE275868CD00D8ED8B /* Build configuration list for PBXNativeTarget "Test-yjling" */;
			buildPhases = (
				B964655CE3284D9C2ADB71B0 /* [CP] Check Pods Manifest.lock */,
				5D450FCB275868CC00D8ED8B /* Sources */,
				5D450FCC275868CC00D8ED8B /* Frameworks */,
				5D450FCD275868CC00D8ED8B /* Resources */,
			);
			buildRules = (
			);
			dependencies = (
			);
			name = "Test-yjling";
			productName = "Test-yjling";
			productReference = 5D450FCF275868CC00D8ED8B /* Test-yjling.app */;
			productType = "com.apple.product-type.application";
		};
		5D450FE9275868CD00D8ED8B /* Test-yjlingTests */ = {
			isa = PBXNativeTarget;
			buildConfigurationList = 5D451001275868CD00D8ED8B /* Build configuration list for PBXNativeTarget "Test-yjlingTests" */;
			buildPhases = (
				5D450FE6275868CD00D8ED8B /* Sources */,
				5D450FE7275868CD00D8ED8B /* Frameworks */,
				5D450FE8275868CD00D8ED8B /* Resources */,
			);
			buildRules = (
			);
			dependencies = (
				5D450FEC275868CD00D8ED8B /* PBXTargetDependency */,
			);
			name = "Test-yjlingTests";
			productName = "Test-yjlingTests";
			productReference = 5D450FEA275868CD00D8ED8B /* Test-yjlingTests.xctest */;
			productType = "com.apple.product-type.bundle.unit-test";
		};
		5D450FF3275868CD00D8ED8B /* Test-yjlingUITests */ = {
			isa = PBXNativeTarget;
			buildConfigurationList = 5D451004275868CD00D8ED8B /* Build configuration list for PBXNativeTarget "Test-yjlingUITests" */;
			buildPhases = (
				5D450FF0275868CD00D8ED8B /* Sources */,
				5D450FF1275868CD00D8ED8B /* Frameworks */,
				5D450FF2275868CD00D8ED8B /* Resources */,
			);
			buildRules = (
			);
			dependencies = (
				5D450FF6275868CD00D8ED8B /* PBXTargetDependency */,
			);
			name = "Test-yjlingUITests";
			productName = "Test-yjlingUITests";
			productReference = 5D450FF4275868CD00D8ED8B /* Test-yjlingUITests.xctest */;
			productType = "com.apple.product-type.bundle.ui-testing";
		};
/* End PBXNativeTarget section */

/* Begin PBXProject section */
		5D450FC7275868CC00D8ED8B /* Project object */ = {
			isa = PBXProject;
			attributes = {
				BuildIndependentTargetsInParallel = 1;
				LastUpgradeCheck = 1310;
				TargetAttributes = {
					5D450FCE275868CC00D8ED8B = {
						CreatedOnToolsVersion = 13.1;
					};
					5D450FE9275868CD00D8ED8B = {
						CreatedOnToolsVersion = 13.1;
						TestTargetID = 5D450FCE275868CC00D8ED8B;
					};
					5D450FF3275868CD00D8ED8B = {
						CreatedOnToolsVersion = 13.1;
						TestTargetID = 5D450FCE275868CC00D8ED8B;
					};
				};
			};
			buildConfigurationList = 5D450FCA275868CC00D8ED8B /* Build configuration list for PBXProject "Test-yjling" */;
			compatibilityVersion = "Xcode 13.0";
			developmentRegion = en;
			hasScannedForEncodings = 0;
			knownRegions = (
				en,
				Base,
			);
			mainGroup = 5D450FC6275868CC00D8ED8B;
			productRefGroup = 5D450FD0275868CC00D8ED8B /* Products */;
			projectDirPath = "";
			projectRoot = "";
			targets = (
				5D450FCE275868CC00D8ED8B /* Test-yjling */,
				5D450FE9275868CD00D8ED8B /* Test-yjlingTests */,
				5D450FF3275868CD00D8ED8B /* Test-yjlingUITests */,
			);
		};
/* End PBXProject section */

/* Begin PBXResourcesBuildPhase section */
		5D450FCD275868CC00D8ED8B /* Resources */ = {
			isa = PBXResourcesBuildPhase;
			buildActionMask = 2147483647;
			files = (
				5D45100B275870F900D8ED8B /* Questions.plist in Resources */,
				5D450FDF275868CC00D8ED8B /* Assets.xcassets in Resources */,
				5D450FDD275868CC00D8ED8B /* Main.storyboard in Resources */,
			);
			runOnlyForDeploymentPostprocessing = 0;
		};
		5D450FE8275868CD00D8ED8B /* Resources */ = {
			isa = PBXResourcesBuildPhase;
			buildActionMask = 2147483647;
			files = (
			);
			runOnlyForDeploymentPostprocessing = 0;
		};
		5D450FF2275868CD00D8ED8B /* Resources */ = {
			isa = PBXResourcesBuildPhase;
			buildActionMask = 2147483647;
			files = (
			);
			runOnlyForDeploymentPostprocessing = 0;
		};
/* End PBXResourcesBuildPhase section */

/* Begin PBXShellScriptBuildPhase section */
		B964655CE3284D9C2ADB71B0 /* [CP] Check Pods Manifest.lock */ = {
			isa = PBXShellScriptBuildPhase;
			buildActionMask = 2147483647;
			files = (
			);
			inputFileListPaths = (
			);
			inputPaths = (
				"${PODS_PODFILE_DIR_PATH}/Podfile.lock",
				"${PODS_ROOT}/Manifest.lock",
			);
			name = "[CP] Check Pods Manifest.lock";
			outputFileListPaths = (
			);
			outputPaths = (
				"$(DERIVED_FILE_DIR)/Pods-Test-yjling-checkManifestLockResult.txt",
			);
			runOnlyForDeploymentPostprocessing = 0;
			shellPath = /bin/sh;
			shellScript = "diff \"${PODS_PODFILE_DIR_PATH}/Podfile.lock\" \"${PODS_ROOT}/Manifest.lock\" > /dev/null\nif [ $? != 0 ] ; then\n    # print error to STDERR\n    echo \"error: The sandbox is not in sync with the Podfile.lock. Run 'pod install' or update your CocoaPods installation.\" >&2\n    exit 1\nfi\n# This output is used by Xcode 'outputs' to avoid re-running this script phase.\necho \"SUCCESS\" > \"${SCRIPT_OUTPUT_FILE_0}\"\n";
			showEnvVarsInLog = 0;
		};
/* End PBXShellScriptBuildPhase section */

/* Begin PBXSourcesBuildPhase section */
		5D450FCB275868CC00D8ED8B /* Sources */ = {
			isa = PBXSourcesBuildPhase;
			buildActionMask = 2147483647;
			files = (
				5D450FDA275868CC00D8ED8B /* QuestionListVC.m in Sources */,
				5D4510182758770D00D8ED8B /* QuestionListCell.m in Sources */,
				5D45102027587AB600D8ED8B /* NSArray+DataProtect.m in Sources */,
				5D451009275870D700D8ED8B /* QuestionDetailVC.m in Sources */,
				5D451013275874E900D8ED8B /* UIColor+VVHelp.m in Sources */,
				5D450FD4275868CC00D8ED8B /* AppDelegate.m in Sources */,
				5D450FE5275868CC00D8ED8B /* main.m in Sources */,
				5D4510102758739E00D8ED8B /* Macros.h in Sources */,
				5D45102427588B5C00D8ED8B /* NavigationController.m in Sources */,
				5D45101C275878CC00D8ED8B /* QuestionModel.m in Sources */,
				5D4510292758947500D8ED8B /* NSDictionary+DataProtect.m in Sources */,
				5D450FD7275868CC00D8ED8B /* SceneDelegate.m in Sources */,
			);
			runOnlyForDeploymentPostprocessing = 0;
		};
		5D450FE6275868CD00D8ED8B /* Sources */ = {
			isa = PBXSourcesBuildPhase;
			buildActionMask = 2147483647;
			files = (
				5D450FEF275868CD00D8ED8B /* Test_yjlingTests.m in Sources */,
			);
			runOnlyForDeploymentPostprocessing = 0;
		};
		5D450FF0275868CD00D8ED8B /* Sources */ = {
			isa = PBXSourcesBuildPhase;
			buildActionMask = 2147483647;
			files = (
				5D450FF9275868CD00D8ED8B /* Test_yjlingUITests.m in Sources */,
				5D450FFB275868CD00D8ED8B /* Test_yjlingUITestsLaunchTests.m in Sources */,
			);
			runOnlyForDeploymentPostprocessing = 0;
		};
/* End PBXSourcesBuildPhase section */

/* Begin PBXTargetDependency section */
		5D450FEC275868CD00D8ED8B /* PBXTargetDependency */ = {
			isa = PBXTargetDependency;
			target = 5D450FCE275868CC00D8ED8B /* Test-yjling */;
			targetProxy = 5D450FEB275868CD00D8ED8B /* PBXContainerItemProxy */;
		};
		5D450FF6275868CD00D8ED8B /* PBXTargetDependency */ = {
			isa = PBXTargetDependency;
			target = 5D450FCE275868CC00D8ED8B /* Test-yjling */;
			targetProxy = 5D450FF5275868CD00D8ED8B /* PBXContainerItemProxy */;
		};
/* End PBXTargetDependency section */

/* Begin PBXVariantGroup section */
		5D450FDB275868CC00D8ED8B /* Main.storyboard */ = {
			isa = PBXVariantGroup;
			children = (
				5D450FDC275868CC00D8ED8B /* Base */,
			);
			name = Main.storyboard;
			sourceTree = "<group>";
		};
/* End PBXVariantGroup section */

/* Begin XCBuildConfiguration section */
		5D450FFC275868CD00D8ED8B /* Debug */ = {
			isa = XCBuildConfiguration;
			buildSettings = {
				ALWAYS_SEARCH_USER_PATHS = NO;
				CLANG_ANALYZER_NONNULL = YES;
				CLANG_ANALYZER_NUMBER_OBJECT_CONVERSION = YES_AGGRESSIVE;
				CLANG_CXX_LANGUAGE_STANDARD = "gnu++17";
				CLANG_CXX_LIBRARY = "libc++";
				CLANG_ENABLE_MODULES = YES;
				CLANG_ENABLE_OBJC_ARC = YES;
				CLANG_ENABLE_OBJC_WEAK = YES;
				CLANG_WARN_BLOCK_CAPTURE_AUTORELEASING = YES;
				CLANG_WARN_BOOL_CONVERSION = YES;
				CLANG_WARN_COMMA = YES;
				CLANG_WARN_CONSTANT_CONVERSION = YES;
				CLANG_WARN_DEPRECATED_OBJC_IMPLEMENTATIONS = YES;
				CLANG_WARN_DIRECT_OBJC_ISA_USAGE = YES_ERROR;
				CLANG_WARN_DOCUMENTATION_COMMENTS = YES;
				CLANG_WARN_EMPTY_BODY = YES;
				CLANG_WARN_ENUM_CONVERSION = YES;
				CLANG_WARN_INFINITE_RECURSION = YES;
				CLANG_WARN_INT_CONVERSION = YES;
				CLANG_WARN_NON_LITERAL_NULL_CONVERSION = YES;
				CLANG_WARN_OBJC_IMPLICIT_RETAIN_SELF = YES;
				CLANG_WARN_OBJC_LITERAL_CONVERSION = YES;
				CLANG_WARN_OBJC_ROOT_CLASS = YES_ERROR;
				CLANG_WARN_QUOTED_INCLUDE_IN_FRAMEWORK_HEADER = YES;
				CLANG_WARN_RANGE_LOOP_ANALYSIS = YES;
				CLANG_WARN_STRICT_PROTOTYPES = YES;
				CLANG_WARN_SUSPICIOUS_MOVE = YES;
				CLANG_WARN_UNGUARDED_AVAILABILITY = YES_AGGRESSIVE;
				CLANG_WARN_UNREACHABLE_CODE = YES;
				CLANG_WARN__DUPLICATE_METHOD_MATCH = YES;
				COPY_PHASE_STRIP = NO;
				DEBUG_INFORMATION_FORMAT = dwarf;
				ENABLE_STRICT_OBJC_MSGSEND = YES;
				ENABLE_TESTABILITY = YES;
				GCC_C_LANGUAGE_STANDARD = gnu11;
				GCC_DYNAMIC_NO_PIC = NO;
				GCC_NO_COMMON_BLOCKS = YES;
				GCC_OPTIMIZATION_LEVEL = 0;
				GCC_PREPROCESSOR_DEFINITIONS = (
					"DEBUG=1",
					"$(inherited)",
				);
				GCC_WARN_64_TO_32_BIT_CONVERSION = YES;
				GCC_WARN_ABOUT_RETURN_TYPE = YES_ERROR;
				GCC_WARN_UNDECLARED_SELECTOR = YES;
				GCC_WARN_UNINITIALIZED_AUTOS = YES_AGGRESSIVE;
				GCC_WARN_UNUSED_FUNCTION = YES;
				GCC_WARN_UNUSED_VARIABLE = YES;
				IPHONEOS_DEPLOYMENT_TARGET = 11.0;
				MTL_ENABLE_DEBUG_INFO = INCLUDE_SOURCE;
				MTL_FAST_MATH = YES;
				ONLY_ACTIVE_ARCH = YES;
				SDKROOT = iphoneos;
			};
			name = Debug;
		};
		5D450FFD275868CD00D8ED8B /* Release */ = {
			isa = XCBuildConfiguration;
			buildSettings = {
				ALWAYS_SEARCH_USER_PATHS = NO;
				CLANG_ANALYZER_NONNULL = YES;
				CLANG_ANALYZER_NUMBER_OBJECT_CONVERSION = YES_AGGRESSIVE;
				CLANG_CXX_LANGUAGE_STANDARD = "gnu++17";
				CLANG_CXX_LIBRARY = "libc++";
				CLANG_ENABLE_MODULES = YES;
				CLANG_ENABLE_OBJC_ARC = YES;
				CLANG_ENABLE_OBJC_WEAK = YES;
				CLANG_WARN_BLOCK_CAPTURE_AUTORELEASING = YES;
				CLANG_WARN_BOOL_CONVERSION = YES;
				CLANG_WARN_COMMA = YES;
				CLANG_WARN_CONSTANT_CONVERSION = YES;
				CLANG_WARN_DEPRECATED_OBJC_IMPLEMENTATIONS = YES;
				CLANG_WARN_DIRECT_OBJC_ISA_USAGE = YES_ERROR;
				CLANG_WARN_DOCUMENTATION_COMMENTS = YES;
				CLANG_WARN_EMPTY_BODY = YES;
				CLANG_WARN_ENUM_CONVERSION = YES;
				CLANG_WARN_INFINITE_RECURSION = YES;
				CLANG_WARN_INT_CONVERSION = YES;
				CLANG_WARN_NON_LITERAL_NULL_CONVERSION = YES;
				CLANG_WARN_OBJC_IMPLICIT_RETAIN_SELF = YES;
				CLANG_WARN_OBJC_LITERAL_CONVERSION = YES;
				CLANG_WARN_OBJC_ROOT_CLASS = YES_ERROR;
				CLANG_WARN_QUOTED_INCLUDE_IN_FRAMEWORK_HEADER = YES;
				CLANG_WARN_RANGE_LOOP_ANALYSIS = YES;
				CLANG_WARN_STRICT_PROTOTYPES = YES;
				CLANG_WARN_SUSPICIOUS_MOVE = YES;
				CLANG_WARN_UNGUARDED_AVAILABILITY = YES_AGGRESSIVE;
				CLANG_WARN_UNREACHABLE_CODE = YES;
				CLANG_WARN__DUPLICATE_METHOD_MATCH = YES;
				COPY_PHASE_STRIP = NO;
				DEBUG_INFORMATION_FORMAT = "dwarf-with-dsym";
				ENABLE_NS_ASSERTIONS = NO;
				ENABLE_STRICT_OBJC_MSGSEND = YES;
				GCC_C_LANGUAGE_STANDARD = gnu11;
				GCC_NO_COMMON_BLOCKS = YES;
				GCC_WARN_64_TO_32_BIT_CONVERSION = YES;
				GCC_WARN_ABOUT_RETURN_TYPE = YES_ERROR;
				GCC_WARN_UNDECLARED_SELECTOR = YES;
				GCC_WARN_UNINITIALIZED_AUTOS = YES_AGGRESSIVE;
				GCC_WARN_UNUSED_FUNCTION = YES;
				GCC_WARN_UNUSED_VARIABLE = YES;
				IPHONEOS_DEPLOYMENT_TARGET = 11.0;
				MTL_ENABLE_DEBUG_INFO = NO;
				MTL_FAST_MATH = YES;
				SDKROOT = iphoneos;
				VALIDATE_PRODUCT = YES;
			};
			name = Release;
		};
		5D450FFF275868CD00D8ED8B /* Debug */ = {
			isa = XCBuildConfiguration;
			baseConfigurationReference = 589617290DC56FD5D151ABA6 /* Pods-Test-yjling.debug.xcconfig */;
			buildSettings = {
				ASSETCATALOG_COMPILER_APPICON_NAME = AppIcon;
				ASSETCATALOG_COMPILER_GLOBAL_ACCENT_COLOR_NAME = AccentColor;
				CODE_SIGN_IDENTITY = "iPhone Developer";
				CODE_SIGN_STYLE = Manual;
				CURRENT_PROJECT_VERSION = 1;
				DEVELOPMENT_TEAM = C43F39W27A;
				GENERATE_INFOPLIST_FILE = YES;
				INFOPLIST_FILE = "Test-yjling/Info.plist";
				INFOPLIST_KEY_CFBundleDisplayName = "测试打包";
				INFOPLIST_KEY_UIApplicationSupportsIndirectInputEvents = YES;
				INFOPLIST_KEY_UILaunchStoryboardName = LaunchScreen;
				INFOPLIST_KEY_UIMainStoryboardFile = Main;
				INFOPLIST_KEY_UISupportedInterfaceOrientations_iPad = "UIInterfaceOrientationPortrait UIInterfaceOrientationPortraitUpsideDown UIInterfaceOrientationLandscapeLeft UIInterfaceOrientationLandscapeRight";
				INFOPLIST_KEY_UISupportedInterfaceOrientations_iPhone = "UIInterfaceOrientationPortrait UIInterfaceOrientationLandscapeLeft UIInterfaceOrientationLandscapeRight";
				LD_RUNPATH_SEARCH_PATHS = (
					"$(inherited)",
					"@executable_path/Frameworks",
				);
				MARKETING_VERSION = 1.0;
				PRODUCT_BUNDLE_IDENTIFIER = com.freemud.alaboss;
				PRODUCT_NAME = "$(TARGET_NAME)";
				PROVISIONING_PROFILE_SPECIFIER = "alaboss - dev";
				SWIFT_EMIT_LOC_STRINGS = YES;
				TARGETED_DEVICE_FAMILY = "1,2";
			};
			name = Debug;
		};
		5D451000275868CD00D8ED8B /* Release */ = {
			isa = XCBuildConfiguration;
			baseConfigurationReference = 21A520528EFD445280A59ED5 /* Pods-Test-yjling.release.xcconfig */;
			buildSettings = {
				ASSETCATALOG_COMPILER_APPICON_NAME = AppIcon;
				ASSETCATALOG_COMPILER_GLOBAL_ACCENT_COLOR_NAME = AccentColor;
				CODE_SIGN_IDENTITY = "iPhone Developer";
				CODE_SIGN_STYLE = Manual;
				CURRENT_PROJECT_VERSION = 1;
				DEVELOPMENT_TEAM = C43F39W27A;
				GENERATE_INFOPLIST_FILE = YES;
				INFOPLIST_FILE = "Test-yjling/Info.plist";
				INFOPLIST_KEY_CFBundleDisplayName = "测试打包";
				INFOPLIST_KEY_UIApplicationSupportsIndirectInputEvents = YES;
				INFOPLIST_KEY_UILaunchStoryboardName = LaunchScreen;
				INFOPLIST_KEY_UIMainStoryboardFile = Main;
				INFOPLIST_KEY_UISupportedInterfaceOrientations_iPad = "UIInterfaceOrientationPortrait UIInterfaceOrientationPortraitUpsideDown UIInterfaceOrientationLandscapeLeft UIInterfaceOrientationLandscapeRight";
				INFOPLIST_KEY_UISupportedInterfaceOrientations_iPhone = "UIInterfaceOrientationPortrait UIInterfaceOrientationLandscapeLeft UIInterfaceOrientationLandscapeRight";
				LD_RUNPATH_SEARCH_PATHS = (
					"$(inherited)",
					"@executable_path/Frameworks",
				);
				MARKETING_VERSION = 1.0;
				PRODUCT_BUNDLE_IDENTIFIER = com.freemud.alaboss;
				PRODUCT_NAME = "$(TARGET_NAME)";
				PROVISIONING_PROFILE_SPECIFIER = "alaboss - dev";
				SWIFT_EMIT_LOC_STRINGS = YES;
				TARGETED_DEVICE_FAMILY = "1,2";
			};
			name = Release;
		};
		5D451002275868CD00D8ED8B /* Debug */ = {
			isa = XCBuildConfiguration;
			buildSettings = {
				BUNDLE_LOADER = "$(TEST_HOST)";
				CODE_SIGN_STYLE = Automatic;
				CURRENT_PROJECT_VERSION = 1;
				GENERATE_INFOPLIST_FILE = YES;
				IPHONEOS_DEPLOYMENT_TARGET = 15.0;
				LD_RUNPATH_SEARCH_PATHS = (
					"$(inherited)",
					"@executable_path/Frameworks",
					"@loader_path/Frameworks",
				);
				MARKETING_VERSION = 1.0;
				PRODUCT_BUNDLE_IDENTIFIER = "none.Test-yjlingTests";
				PRODUCT_NAME = "$(TARGET_NAME)";
				SWIFT_EMIT_LOC_STRINGS = NO;
				TARGETED_DEVICE_FAMILY = "1,2";
				TEST_HOST = "$(BUILT_PRODUCTS_DIR)/Test-yjling.app/Test-yjling";
			};
			name = Debug;
		};
		5D451003275868CD00D8ED8B /* Release */ = {
			isa = XCBuildConfiguration;
			buildSettings = {
				BUNDLE_LOADER = "$(TEST_HOST)";
				CODE_SIGN_STYLE = Automatic;
				CURRENT_PROJECT_VERSION = 1;
				GENERATE_INFOPLIST_FILE = YES;
				IPHONEOS_DEPLOYMENT_TARGET = 15.0;
				LD_RUNPATH_SEARCH_PATHS = (
					"$(inherited)",
					"@executable_path/Frameworks",
					"@loader_path/Frameworks",
				);
				MARKETING_VERSION = 1.0;
				PRODUCT_BUNDLE_IDENTIFIER = "none.Test-yjlingTests";
				PRODUCT_NAME = "$(TARGET_NAME)";
				SWIFT_EMIT_LOC_STRINGS = NO;
				TARGETED_DEVICE_FAMILY = "1,2";
				TEST_HOST = "$(BUILT_PRODUCTS_DIR)/Test-yjling.app/Test-yjling";
			};
			name = Release;
		};
		5D451005275868CD00D8ED8B /* Debug */ = {
			isa = XCBuildConfiguration;
			buildSettings = {
				CODE_SIGN_STYLE = Automatic;
				CURRENT_PROJECT_VERSION = 1;
				GENERATE_INFOPLIST_FILE = YES;
				LD_RUNPATH_SEARCH_PATHS = (
					"$(inherited)",
					"@executable_path/Frameworks",
					"@loader_path/Frameworks",
				);
				MARKETING_VERSION = 1.0;
				PRODUCT_BUNDLE_IDENTIFIER = "none.Test-yjlingUITests";
				PRODUCT_NAME = "$(TARGET_NAME)";
				SWIFT_EMIT_LOC_STRINGS = NO;
				TARGETED_DEVICE_FAMILY = "1,2";
				TEST_TARGET_NAME = "Test-yjling";
			};
			name = Debug;
		};
		5D451006275868CD00D8ED8B /* Release */ = {
			isa = XCBuildConfiguration;
			buildSettings = {
				CODE_SIGN_STYLE = Automatic;
				CURRENT_PROJECT_VERSION = 1;
				GENERATE_INFOPLIST_FILE = YES;
				LD_RUNPATH_SEARCH_PATHS = (
					"$(inherited)",
					"@executable_path/Frameworks",
					"@loader_path/Frameworks",
				);
				MARKETING_VERSION = 1.0;
				PRODUCT_BUNDLE_IDENTIFIER = "none.Test-yjlingUITests";
				PRODUCT_NAME = "$(TARGET_NAME)";
				SWIFT_EMIT_LOC_STRINGS = NO;
				TARGETED_DEVICE_FAMILY = "1,2";
				TEST_TARGET_NAME = "Test-yjling";
			};
			name = Release;
		};
/* End XCBuildConfiguration section */

/* Begin XCConfigurationList section */
		5D450FCA275868CC00D8ED8B /* Build configuration list for PBXProject "Test-yjling" */ = {
			isa = XCConfigurationList;
			buildConfigurations = (
				5D450FFC275868CD00D8ED8B /* Debug */,
				5D450FFD275868CD00D8ED8B /* Release */,
			);
			defaultConfigurationIsVisible = 0;
			defaultConfigurationName = Release;
		};
		5D450FFE275868CD00D8ED8B /* Build configuration list for PBXNativeTarget "Test-yjling" */ = {
			isa = XCConfigurationList;
			buildConfigurations = (
				5D450FFF275868CD00D8ED8B /* Debug */,
				5D451000275868CD00D8ED8B /* Release */,
			);
			defaultConfigurationIsVisible = 0;
			defaultConfigurationName = Release;
		};
		5D451001275868CD00D8ED8B /* Build configuration list for PBXNativeTarget "Test-yjlingTests" */ = {
			isa = XCConfigurationList;
			buildConfigurations = (
				5D451002275868CD00D8ED8B /* Debug */,
				5D451003275868CD00D8ED8B /* Release */,
			);
			defaultConfigurationIsVisible = 0;
			defaultConfigurationName = Release;
		};
		5D451004275868CD00D8ED8B /* Build configuration list for PBXNativeTarget "Test-yjlingUITests" */ = {
			isa = XCConfigurationList;
			buildConfigurations = (
				5D451005275868CD00D8ED8B /* Debug */,
				5D451006275868CD00D8ED8B /* Release */,
			);
			defaultConfigurationIsVisible = 0;
			defaultConfigurationName = Release;
		};
/* End XCConfigurationList section */
	};
	rootObject = 5D450FC7275868CC00D8ED8B /* Project object */;
}
